<?xml version="1.0" encoding="utf-8"?>
<Project ToolsVersion="4.0" xmlns="http://schemas.microsoft.com/developer/msbuild/2003">
  <ItemGroup>
    <ClInclude Include="..\..\source\Util\Color.h">
      <Filter>Util</Filter>
    </ClInclude>
    <ClInclude Include="..\..\source\Util\Dimensional.h">
      <Filter>Util</Filter>
    </ClInclude>
    <ClInclude Include="..\..\source\subsystems\graphics\directx\DXInclude.h">
      <Filter>Subsystems/Graphics/DirectX</Filter>
    </ClInclude>
    <ClInclude Include="..\..\source\Subsystems\Graphics\DirectX\DXRenderer.h">
      <Filter>Subsystems/Graphics/DirectX</Filter>
    </ClInclude>
    <ClInclude Include="..\..\source\Subsystems\Graphics\DirectX\DXTexture.h">
      <Filter>Subsystems/Graphics/DirectX</Filter>
    </ClInclude>
    <ClInclude Include="..\..\source\Subsystems\Graphics\DirectX\DXTextureCache.h">
      <Filter>Subsystems/Graphics/DirectX</Filter>
    </ClInclude>
    <ClInclude Include="..\..\source\Subsystems\Graphics\dll_header.h">
      <Filter>Subsystems/Graphics</Filter>
    </ClInclude>
    <ClInclude Include="..\..\source\Subsystems\Graphics\Interface.h">
      <Filter>Subsystems/Graphics</Filter>
    </ClInclude>
    <ClInclude Include="..\..\source\Util\Logger.h">
      <Filter>Util</Filter>
    </ClInclude>
    <ClInclude Include="..\..\source\Subsystems\Graphics\SpriteInfo.h">
      <Filter>Subsystems/Graphics</Filter>
    </ClInclude>
    <ClInclude Include="..\..\source\Subsystems\Graphics\TextureInfo.h">
      <Filter>Subsystems/Graphics</Filter>
    </ClInclude>
    <ClInclude Include="..\..\source\Subsystems\Graphics\FontInfo.h">
      <Filter>Subsystems/Graphics</Filter>
    </ClInclude>
    <ClInclude Include="..\..\source\Subsystems\Graphics\DirectX\DXFont.h">
      <Filter>Subsystems/Graphics/DirectX</Filter>
    </ClInclude>
    <ClInclude Include="..\..\source\Subsystems\Graphics\DirectX\DXFontCache.h">
      <Filter>Subsystems/Graphics/DirectX</Filter>
    </ClInclude>
    <ClInclude Include="..\..\source\Defines.h" />
  </ItemGroup>
  <ItemGroup>
    <ClCompile Include="..\..\source\Util\Color.cpp">
      <Filter>Util</Filter>
    </ClCompile>
    <ClCompile Include="..\..\source\Util\Dimensional.cpp">
      <Filter>Util</Filter>
    </ClCompile>
    <ClCompile Include="..\..\source\Subsystems\Graphics\DirectX\DXRenderer.cpp">
      <Filter>Subsystems/Graphics/DirectX</Filter>
    </ClCompile>
    <ClCompile Include="..\..\source\Subsystems\Graphics\DirectX\DXTexture.cpp">
      <Filter>Subsystems/Graphics/DirectX</Filter>
    </ClCompile>
    <ClCompile Include="..\..\source\Subsystems\Graphics\DirectX\DXTextureCache.cpp">
      <Filter>Subsystems/Graphics/DirectX</Filter>
    </ClCompile>
    <ClCompile Include="..\..\source\Subsystems\Graphics\dll_source.cpp">
      <Filter>Subsystems/Graphics</Filter>
    </ClCompile>
    <ClCompile Include="..\..\source\Util\Logger.cpp">
      <Filter>Util</Filter>
    </ClCompile>
    <ClCompile Include="..\..\source\Subsystems\Graphics\SpriteInfo.cpp">
      <Filter>Subsystems/Graphics</Filter>
    </ClCompile>
    <ClCompile Include="..\..\source\Subsystems\Graphics\TextureInfo.cpp">
      <Filter>Subsystems/Graphics</Filter>
    </ClCompile>
    <ClCompile Include="..\..\source\Subsystems\Graphics\FontInfo.cpp">
      <Filter>Subsystems/Graphics</Filter>
    </ClCompile>
    <ClCompile Include="..\..\source\Subsystems\Graphics\DirectX\DXFont.cpp">
      <Filter>Subsystems/Graphics/DirectX</Filter>
    </ClCompile>
    <ClCompile Include="..\..\source\Subsystems\Graphics\DirectX\DXFontCache.cpp">
      <Filter>Subsystems/Graphics/DirectX</Filter>
    </ClCompile>
    <ClCompile Include="..\..\source\Defines.cpp" />
  </ItemGroup>
  <ItemGroup>
    <None Include="DX_Renderer.def" />
  </ItemGroup>
  <ItemGroup>
    <Filter Include="Subsystems/Graphics">
      <UniqueIdentifier>{40c0c906-be7b-40dd-94bc-e16fb25c1d9e}</UniqueIdentifier>
    </Filter>
    <Filter Include="Subsystems/Graphics/DirectX">
      <UniqueIdentifier>{b4b029c6-620f-4e64-a5d9-e4f7ab16aae3}</UniqueIdentifier>
    </Filter>
    <Filter Include="Util">
      <UniqueIdentifier>{495a4580-eea8-4311-aa03-2c7bc9e05793}</UniqueIdentifier>
    </Filter>
  </ItemGroup>
</Project>