<?xml version="1.0" encoding="utf-8"?>
<Project ToolsVersion="4.0" xmlns="http://schemas.microsoft.com/developer/msbuild/2003">
  <ItemGroup>
    <ClInclude Include="..\..\source\Util\Color.h">
      <Filter>Util</Filter>
    </ClInclude>
    <ClInclude Include="..\..\source\Util\Dimensional.h">
      <Filter>Util</Filter>
    </ClInclude>
    <ClInclude Include="..\..\source\Util\Logger.h">
      <Filter>Util</Filter>
    </ClInclude>
    <ClInclude Include="..\..\source\stdafx.h" />
    <ClInclude Include="..\..\source\Modules\Graphics\Service\dll_header.h">
      <Filter>Rendering/Service</Filter>
    </ClInclude>
    <ClInclude Include="..\..\source\Modules\Graphics\Service\Graphics.h">
      <Filter>Rendering/Service</Filter>
    </ClInclude>
    <ClInclude Include="..\..\source\Modules\Graphics\Service\IIndexBuffer.h">
      <Filter>Rendering/Service</Filter>
    </ClInclude>
    <ClInclude Include="..\..\source\Modules\Graphics\Service\IRenderer.h">
      <Filter>Rendering/Service</Filter>
    </ClInclude>
    <ClInclude Include="..\..\source\Modules\Graphics\Service\IVertexBuffer.h">
      <Filter>Rendering/Service</Filter>
    </ClInclude>
    <ClInclude Include="..\..\source\Modules\Graphics\Service\D3D11\DXInclude.h">
      <Filter>Rendering/Service/D3D11</Filter>
    </ClInclude>
    <ClInclude Include="..\..\source\Modules\Graphics\Service\D3D11\DXRenderer.h">
      <Filter>Rendering/Service/D3D11</Filter>
    </ClInclude>
    <ClInclude Include="..\..\source\Modules\Graphics\Service\D3D11\IndexBuffer.h">
      <Filter>Rendering/Service/D3D11</Filter>
    </ClInclude>
    <ClInclude Include="..\..\source\Modules\Graphics\Service\D3D11\Vertex.h">
      <Filter>Rendering/Service/D3D11</Filter>
    </ClInclude>
    <ClInclude Include="..\..\source\Modules\Graphics\Service\D3D11\VertexBuffer.h">
      <Filter>Rendering/Service/D3D11</Filter>
    </ClInclude>
    <ClInclude Include="..\..\source\Win32\Window.h">
      <Filter>Win32</Filter>
    </ClInclude>
    <ClInclude Include="..\..\source\Win32\WindowClass.h">
      <Filter>Win32</Filter>
    </ClInclude>
  </ItemGroup>
  <ItemGroup>
    <ClCompile Include="..\..\source\Util\Color.cpp">
      <Filter>Util</Filter>
    </ClCompile>
    <ClCompile Include="..\..\source\Util\Dimensional.cpp">
      <Filter>Util</Filter>
    </ClCompile>
    <ClCompile Include="..\..\source\Util\Logger.cpp">
      <Filter>Util</Filter>
    </ClCompile>
    <ClCompile Include="..\..\source\stdafx_builder.cpp" />
    <ClCompile Include="..\..\source\Modules\Graphics\Service\dll_source.cpp">
      <Filter>Rendering/Service</Filter>
    </ClCompile>
    <ClCompile Include="..\..\source\Modules\Graphics\Service\D3D11\DXRenderer.cpp">
      <Filter>Rendering/Service/D3D11</Filter>
    </ClCompile>
    <ClCompile Include="..\..\source\Modules\Graphics\Service\D3D11\IndexBuffer.cpp">
      <Filter>Rendering/Service/D3D11</Filter>
    </ClCompile>
    <ClCompile Include="..\..\source\Modules\Graphics\Service\D3D11\Vertex.cpp">
      <Filter>Rendering/Service/D3D11</Filter>
    </ClCompile>
    <ClCompile Include="..\..\source\Modules\Graphics\Service\D3D11\VertexBuffer.cpp">
      <Filter>Rendering/Service/D3D11</Filter>
    </ClCompile>
    <ClCompile Include="..\..\source\Win32\Window.cpp">
      <Filter>Win32</Filter>
    </ClCompile>
    <ClCompile Include="..\..\source\Win32\WindowClass.cpp">
      <Filter>Win32</Filter>
    </ClCompile>
  </ItemGroup>
  <ItemGroup>
    <Filter Include="Util">
      <UniqueIdentifier>{495a4580-eea8-4311-aa03-2c7bc9e05793}</UniqueIdentifier>
    </Filter>
    <Filter Include="Shaders">
      <UniqueIdentifier>{df67c29c-3163-4898-ab1b-24a104ab0235}</UniqueIdentifier>
    </Filter>
    <Filter Include="Rendering/Service">
      <UniqueIdentifier>{40c0c906-be7b-40dd-94bc-e16fb25c1d9e}</UniqueIdentifier>
    </Filter>
    <Filter Include="Rendering/Service/D3D11">
      <UniqueIdentifier>{b4b029c6-620f-4e64-a5d9-e4f7ab16aae3}</UniqueIdentifier>
    </Filter>
    <Filter Include="Win32">
      <UniqueIdentifier>{3f47ea7a-b596-4e9c-81ac-d4864f6b4ec7}</UniqueIdentifier>
    </Filter>
  </ItemGroup>
  <ItemGroup>
    <FxCompile Include="..\..\resources\Shaders\shader.hlsl">
      <Filter>Shaders</Filter>
    </FxCompile>
  </ItemGroup>
</Project>