<?xml version="1.0" encoding="utf-8"?>
<Project ToolsVersion="4.0" xmlns="http://schemas.microsoft.com/developer/msbuild/2003">
  <ItemGroup>
    <Filter Include="Collision">
      <UniqueIdentifier>{6f329750-e9d2-4c77-b468-cbd36e8fc9e6}</UniqueIdentifier>
    </Filter>
    <Filter Include="Common">
      <UniqueIdentifier>{341dd375-7a4d-4613-9dd3-7fd6f8d4faba}</UniqueIdentifier>
    </Filter>
    <Filter Include="Dynamics">
      <UniqueIdentifier>{6fbfed5b-f8d8-47a6-a7f8-1c6effba6239}</UniqueIdentifier>
    </Filter>
    <Filter Include="Rope">
      <UniqueIdentifier>{37bd9d07-d0e0-445e-b2d2-58c39d85e1a4}</UniqueIdentifier>
    </Filter>
    <Filter Include="Dynamics\Contacts">
      <UniqueIdentifier>{f5824b90-7f5b-43ba-bc73-a85584e8917a}</UniqueIdentifier>
    </Filter>
    <Filter Include="Dynamics\Joints">
      <UniqueIdentifier>{76aef156-c34c-467a-a162-dbcc0383ed97}</UniqueIdentifier>
    </Filter>
    <Filter Include="Collision\Shapes">
      <UniqueIdentifier>{91933046-4a62-40c7-a6c7-20108c9eb3c8}</UniqueIdentifier>
    </Filter>
  </ItemGroup>
  <ItemGroup>
    <ClInclude Include="..\..\..\src\Box2D\Box2D.h" />
    <ClInclude Include="..\..\..\src\Box2D\Collision\b2BroadPhase.h" />
    <ClInclude Include="..\..\..\src\Box2D\Collision\b2Collision.h" />
    <ClInclude Include="..\..\..\src\Box2D\Collision\b2Distance.h" />
    <ClInclude Include="..\..\..\src\Box2D\Collision\b2DynamicTree.h" />
    <ClInclude Include="..\..\..\src\Box2D\Collision\b2TimeOfImpact.h" />
    <ClInclude Include="..\..\..\src\Box2D\Collision\Shapes\b2ChainShape.h" />
    <ClInclude Include="..\..\..\src\Box2D\Collision\Shapes\b2CircleShape.h" />
    <ClInclude Include="..\..\..\src\Box2D\Collision\Shapes\b2EdgeShape.h" />
    <ClInclude Include="..\..\..\src\Box2D\Collision\Shapes\b2PolygonShape.h" />
    <ClInclude Include="..\..\..\src\Box2D\Collision\Shapes\b2Shape.h" />
    <ClInclude Include="..\..\..\src\Box2D\Common\b2BlockAllocator.h" />
    <ClInclude Include="..\..\..\src\Box2D\Common\b2Draw.h" />
    <ClInclude Include="..\..\..\src\Box2D\Common\b2GrowableStack.h" />
    <ClInclude Include="..\..\..\src\Box2D\Common\b2Math.h" />
    <ClInclude Include="..\..\..\src\Box2D\Common\b2Settings.h" />
    <ClInclude Include="..\..\..\src\Box2D\Common\b2StackAllocator.h" />
    <ClInclude Include="..\..\..\src\Box2D\Common\b2Timer.h" />
    <ClInclude Include="..\..\..\src\Box2D\Dynamics\b2Body.h" />
    <ClInclude Include="..\..\..\src\Box2D\Dynamics\b2ContactManager.h" />
    <ClInclude Include="..\..\..\src\Box2D\Dynamics\b2Fixture.h" />
    <ClInclude Include="..\..\..\src\Box2D\Dynamics\b2Island.h" />
    <ClInclude Include="..\..\..\src\Box2D\Dynamics\b2TimeStep.h" />
    <ClInclude Include="..\..\..\src\Box2D\Dynamics\b2World.h" />
    <ClInclude Include="..\..\..\src\Box2D\Dynamics\b2WorldCallbacks.h" />
    <ClInclude Include="..\..\..\src\Box2D\Dynamics\Contacts\b2ChainAndCircleContact.h" />
    <ClInclude Include="..\..\..\src\Box2D\Dynamics\Contacts\b2ChainAndPolygonContact.h" />
    <ClInclude Include="..\..\..\src\Box2D\Dynamics\Contacts\b2CircleContact.h" />
    <ClInclude Include="..\..\..\src\Box2D\Dynamics\Contacts\b2Contact.h" />
    <ClInclude Include="..\..\..\..\src\Box2D\Dynamics\Contacts\b2ContactSolver.h" />
    <ClInclude Include="..\..\..\..\src\Box2D\Dynamics\Contacts\b2EdgeAndCircleContact.h" />
    <ClInclude Include="..\..\..\..\src\Box2D\Dynamics\Contacts\b2EdgeAndPolygonContact.h" />
    <ClInclude Include="..\..\..\..\src\Box2D\Dynamics\Contacts\b2PolygonAndCircleContact.h" />
    <ClInclude Include="..\..\..\src\Box2D\Dynamics\Contacts\b2PolygonContact.h" />
    <ClInclude Include="..\..\..\src\Box2D\Dynamics\Joints\b2DistanceJoint.h" />
    <ClInclude Include="..\..\..\src\Box2D\Dynamics\Joints\b2FrictionJoint.h" />
    <ClInclude Include="..\..\..\src\Box2D\Dynamics\Joints\b2GearJoint.h" />
    <ClInclude Include="..\..\..\src\Box2D\Dynamics\Joints\b2Joint.h" />
    <ClInclude Include="..\..\..\src\Box2D\Dynamics\Joints\b2MouseJoint.h" />
    <ClInclude Include="..\..\..\src\Box2D\Dynamics\Joints\b2PrismaticJoint.h" />
    <ClInclude Include="..\..\..\src\Box2D\Dynamics\Joints\b2PulleyJoint.h" />
    <ClInclude Include="..\..\..\src\Box2D\Dynamics\Joints\b2RevoluteJoint.h" />
    <ClInclude Include="..\..\..\src\Box2D\Dynamics\Joints\b2RopeJoint.h" />
    <ClInclude Include="..\..\..\src\Box2D\Dynamics\Joints\b2WeldJoint.h" />
    <ClInclude Include="..\..\..\src\Box2D\Dynamics\Joints\b2WheelJoint.h" />
    <ClInclude Include="..\..\..\src\Box2D\Rope\b2Rope.h" />
  </ItemGroup>
  <ItemGroup>
    <ClCompile Include="..\..\..\src\Box2D\Collision\b2BroadPhase.cpp" />
    <ClCompile Include="..\..\..\src\Box2D\Collision\b2CollideCircle.cpp" />
    <ClCompile Include="..\..\..\src\Box2D\Collision\b2CollideEdge.cpp" />
    <ClCompile Include="..\..\..\src\Box2D\Collision\b2CollidePolygon.cpp" />
    <ClCompile Include="..\..\..\src\Box2D\Collision\b2Collision.cpp" />
    <ClCompile Include="..\..\..\src\Box2D\Collision\b2Distance.cpp" />
    <ClCompile Include="..\..\..\src\Box2D\Collision\b2DynamicTree.cpp" />
    <ClCompile Include="..\..\..\src\Box2D\Collision\b2TimeOfImpact.cpp" />
    <ClCompile Include="..\..\..\src\Box2D\Collision\Shapes\b2ChainShape.cpp" />
    <ClCompile Include="..\..\..\src\Box2D\Collision\Shapes\b2CircleShape.cpp" />
    <ClCompile Include="..\..\..\src\Box2D\Collision\Shapes\b2EdgeShape.cpp" />
    <ClCompile Include="..\..\..\src\Box2D\Collision\Shapes\b2PolygonShape.cpp" />
    <ClCompile Include="..\..\..\src\Box2D\Common\b2BlockAllocator.cpp" />
    <ClCompile Include="..\..\..\src\Box2D\Common\b2Draw.cpp" />
    <ClCompile Include="..\..\..\src\Box2D\Common\b2Math.cpp" />
    <ClCompile Include="..\..\..\src\Box2D\Common\b2Settings.cpp" />
    <ClCompile Include="..\..\..\src\Box2D\Common\b2StackAllocator.cpp" />
    <ClCompile Include="..\..\..\src\Box2D\Common\b2Timer.cpp" />
    <ClCompile Include="..\..\..\src\Box2D\Dynamics\b2Body.cpp" />
    <ClCompile Include="..\..\..\src\Box2D\Dynamics\b2ContactManager.cpp" />
    <ClCompile Include="..\..\..\src\Box2D\Dynamics\b2Fixture.cpp" />
    <ClCompile Include="..\..\..\src\Box2D\Dynamics\b2Island.cpp" />
    <ClCompile Include="..\..\..\src\Box2D\Dynamics\b2World.cpp" />
    <ClCompile Include="..\..\..\src\Box2D\Dynamics\b2WorldCallbacks.cpp" />
    <ClCompile Include="..\..\..\src\Box2D\Dynamics\Contacts\b2ChainAndCircleContact.cpp" />
    <ClCompile Include="..\..\..\src\Box2D\Dynamics\Contacts\b2ChainAndPolygonContact.cpp" />
    <ClCompile Include="..\..\..\src\Box2D\Dynamics\Contacts\b2CircleContact.cpp" />
    <ClCompile Include="..\..\..\src\Box2D\Dynamics\Contacts\b2Contact.cpp" />
    <ClCompile Include="..\..\..\src\Box2D\Dynamics\Contacts\b2ContactSolver.cpp" />
    <ClCompile Include="..\..\..\src\Box2D\Dynamics\Contacts\b2EdgeAndCircleContact.cpp" />
    <ClCompile Include="..\..\..\src\Box2D\Dynamics\Contacts\b2EdgeAndPolygonContact.cpp" />
    <ClCompile Include="..\..\..\src\Box2D\Dynamics\Contacts\b2PolygonAndCircleContact.cpp" />
    <ClCompile Include="..\..\..\src\Box2D\Dynamics\Contacts\b2PolygonContact.cpp" />
    <ClCompile Include="..\..\..\src\Box2D\Dynamics\Joints\b2DistanceJoint.cpp" />
    <ClCompile Include="..\..\..\src\Box2D\Dynamics\Joints\b2FrictionJoint.cpp" />
    <ClCompile Include="..\..\..\src\Box2D\Dynamics\Joints\b2GearJoint.cpp" />
    <ClCompile Include="..\..\..\src\Box2D\Dynamics\Joints\b2Joint.cpp" />
    <ClCompile Include="..\..\..\src\Box2D\Dynamics\Joints\b2MouseJoint.cpp" />
    <ClCompile Include="..\..\..\src\Box2D\Dynamics\Joints\b2PrismaticJoint.cpp" />
    <ClCompile Include="..\..\..\src\Box2D\Dynamics\Joints\b2PulleyJoint.cpp" />
    <ClCompile Include="..\..\..\src\Box2D\Dynamics\Joints\b2RevoluteJoint.cpp" />
    <ClCompile Include="..\..\..\src\Box2D\Dynamics\Joints\b2RopeJoint.cpp" />
    <ClCompile Include="..\..\..\src\Box2D\Dynamics\Joints\b2WeldJoint.cpp" />
    <ClCompile Include="..\..\..\src\Box2D\Dynamics\Joints\b2WheelJoint.cpp" />
    <ClCompile Include="..\..\..\src\Box2D\Rope\b2Rope.cpp" />
  </ItemGroup>
</Project>