
Microsoft Visual Studio Solution File, Format Version 12.00
# Visual Studio 2013
VisualStudioVersion = 12.0.31101.0
MinimumVisualStudioVersion = 10.0.40219.1
Project("{8BC9CEB8-8B4A-11D0-8D11-00A0C91BC942}") = "Box2D", "Box2D\Box2D.vcxproj", "{CF33D4CF-5BA6-48AB-BF08-7463C18329B6}"
EndProject
Project("{8BC9CEB8-8B4A-11D0-8D11-00A0C91BC942}") = "GameX", "GameX\GameX.vcxproj", "{A0FDD4E0-D78E-495A-A0D9-505A373A349D}"
EndProject
Project("{8BC9CEB8-8B4A-11D0-8D11-00A0C91BC942}") = "tolua_dll", "tolua_dll\tolua_dll.vcxproj", "{E8CCEC27-D88A-439D-86C6-E84E8ACA1D01}"
EndProject
Project("{8BC9CEB8-8B4A-11D0-8D11-00A0C91BC942}") = "tolua_exe", "tolua_exe\tolua_exe.vcxproj", "{C0CDBF21-6A23-4592-86E5-54B82BC2DAFB}"
	ProjectSection(ProjectDependencies) = postProject
		{E8CCEC27-D88A-439D-86C6-E84E8ACA1D01} = {E8CCEC27-D88A-439D-86C6-E84E8ACA1D01}
	EndProjectSection
EndProject
Global
	GlobalSection(SolutionConfigurationPlatforms) = preSolution
		Debug|Win32 = Debug|Win32
		Deploy|Win32 = Deploy|Win32
		Release|Win32 = Release|Win32
	EndGlobalSection
	GlobalSection(ProjectConfigurationPlatforms) = postSolution
		{CF33D4CF-5BA6-48AB-BF08-7463C18329B6}.Debug|Win32.ActiveCfg = Debug|Win32
		{CF33D4CF-5BA6-48AB-BF08-7463C18329B6}.Debug|Win32.Build.0 = Debug|Win32
		{CF33D4CF-5BA6-48AB-BF08-7463C18329B6}.Deploy|Win32.ActiveCfg = Deploy|Win32
		{CF33D4CF-5BA6-48AB-BF08-7463C18329B6}.Deploy|Win32.Build.0 = Deploy|Win32
		{CF33D4CF-5BA6-48AB-BF08-7463C18329B6}.Release|Win32.ActiveCfg = Release|Win32
		{CF33D4CF-5BA6-48AB-BF08-7463C18329B6}.Release|Win32.Build.0 = Release|Win32
		{A0FDD4E0-D78E-495A-A0D9-505A373A349D}.Debug|Win32.ActiveCfg = Debug|Win32
		{A0FDD4E0-D78E-495A-A0D9-505A373A349D}.Debug|Win32.Build.0 = Debug|Win32
		{A0FDD4E0-D78E-495A-A0D9-505A373A349D}.Deploy|Win32.ActiveCfg = Deploy|Win32
		{A0FDD4E0-D78E-495A-A0D9-505A373A349D}.Deploy|Win32.Build.0 = Deploy|Win32
		{A0FDD4E0-D78E-495A-A0D9-505A373A349D}.Release|Win32.ActiveCfg = Release|Win32
		{A0FDD4E0-D78E-495A-A0D9-505A373A349D}.Release|Win32.Build.0 = Release|Win32
		{E8CCEC27-D88A-439D-86C6-E84E8ACA1D01}.Debug|Win32.ActiveCfg = Release|Win32
		{E8CCEC27-D88A-439D-86C6-E84E8ACA1D01}.Debug|Win32.Build.0 = Release|Win32
		{E8CCEC27-D88A-439D-86C6-E84E8ACA1D01}.Deploy|Win32.ActiveCfg = Release|Win32
		{E8CCEC27-D88A-439D-86C6-E84E8ACA1D01}.Deploy|Win32.Build.0 = Release|Win32
		{E8CCEC27-D88A-439D-86C6-E84E8ACA1D01}.Release|Win32.ActiveCfg = Release|Win32
		{E8CCEC27-D88A-439D-86C6-E84E8ACA1D01}.Release|Win32.Build.0 = Release|Win32
		{C0CDBF21-6A23-4592-86E5-54B82BC2DAFB}.Debug|Win32.ActiveCfg = Release|Win32
		{C0CDBF21-6A23-4592-86E5-54B82BC2DAFB}.Debug|Win32.Build.0 = Release|Win32
		{C0CDBF21-6A23-4592-86E5-54B82BC2DAFB}.Deploy|Win32.ActiveCfg = Release|Win32
		{C0CDBF21-6A23-4592-86E5-54B82BC2DAFB}.Deploy|Win32.Build.0 = Release|Win32
		{C0CDBF21-6A23-4592-86E5-54B82BC2DAFB}.Release|Win32.ActiveCfg = Release|Win32
		{C0CDBF21-6A23-4592-86E5-54B82BC2DAFB}.Release|Win32.Build.0 = Release|Win32
	EndGlobalSection
	GlobalSection(SolutionProperties) = preSolution
		HideSolutionNode = FALSE
	EndGlobalSection
EndGlobal
