<?xml version="1.0" encoding="utf-8"?>
<Project ToolsVersion="4.0" xmlns="http://schemas.microsoft.com/developer/msbuild/2003">
  <ItemGroup>
    <ClCompile Include="winmain.cpp" />
    <ClCompile Include="..\..\source\Win32\WindowClass.cpp">
      <Filter>Win32</Filter>
    </ClCompile>
    <ClCompile Include="..\..\source\Win32\StandardWindow.cpp">
      <Filter>Win32</Filter>
    </ClCompile>
    <ClCompile Include="..\..\source\Win32\GameWindow.cpp">
      <Filter>Win32</Filter>
    </ClCompile>
    <ClCompile Include="..\..\source\Win32\AbstractWindow.cpp">
      <Filter>Win32</Filter>
    </ClCompile>
    <ClCompile Include="..\..\source\Util\Logger.cpp">
      <Filter>Util</Filter>
    </ClCompile>
    <ClCompile Include="..\..\source\Subsystems\Script\LuaEngine.cpp">
      <Filter>Subsystems/Script</Filter>
    </ClCompile>
    <ClCompile Include="..\..\source\Subsystems\Graphics\RendererFactory.cpp">
      <Filter>Subsystems/Graphics</Filter>
    </ClCompile>
    <ClCompile Include="..\..\source\Util\Dimensional.cpp">
      <Filter>Util</Filter>
    </ClCompile>
    <ClCompile Include="..\..\source\Util\Color.cpp">
      <Filter>Util</Filter>
    </ClCompile>
    <ClCompile Include="..\..\source\Subsystems\Graphics\SpriteInfo.cpp">
      <Filter>Subsystems/Graphics</Filter>
    </ClCompile>
    <ClCompile Include="..\..\source\Subsystems\Graphics\Spritesheet.cpp">
      <Filter>Subsystems/Graphics</Filter>
    </ClCompile>
    <ClCompile Include="..\..\source\Subsystems\Graphics\SpritesheetCache.cpp">
      <Filter>Subsystems/Graphics</Filter>
    </ClCompile>
    <ClCompile Include="..\..\source\Util\Clock.cpp">
      <Filter>Util</Filter>
    </ClCompile>
    <ClCompile Include="..\..\source\Core\State\Statemap.cpp">
      <Filter>Core/State</Filter>
    </ClCompile>
    <ClCompile Include="..\..\source\Core\State\State.cpp">
      <Filter>Core/State</Filter>
    </ClCompile>
    <ClCompile Include="..\..\source\Core\Entity\Entity.cpp">
      <Filter>Core/Entity</Filter>
    </ClCompile>
    <ClCompile Include="..\..\source\Core\Form\Form.cpp">
      <Filter>Core/Form</Filter>
    </ClCompile>
    <ClCompile Include="..\..\source\Subsystems\Graphics\RenderingQueue.cpp">
      <Filter>Subsystems/Graphics</Filter>
    </ClCompile>
    <ClCompile Include="..\..\source\Core\Action\Action.cpp">
      <Filter>Core/Action</Filter>
    </ClCompile>
    <ClCompile Include="..\..\source\Core\Action\Actionmap.cpp">
      <Filter>Core/Action</Filter>
    </ClCompile>
    <ClCompile Include="..\..\source\Core\Action\Functions.cpp">
      <Filter>Core/Action</Filter>
    </ClCompile>
    <ClCompile Include="..\..\source\Engine.cpp">
      <Filter>Core</Filter>
    </ClCompile>
    <ClCompile Include="..\..\source\Defines.cpp">
      <Filter>Core</Filter>
    </ClCompile>
    <ClCompile Include="..\..\source\GameContext.cpp">
      <Filter>Core</Filter>
    </ClCompile>
    <ClCompile Include="..\..\source\ServiceLocator.cpp">
      <Filter>Core</Filter>
    </ClCompile>
    <ClCompile Include="..\..\source\Core\Action\ActionUpdater.cpp">
      <Filter>Core/Action</Filter>
    </ClCompile>
    <ClCompile Include="..\..\source\ResourceLocator.cpp">
      <Filter>Core</Filter>
    </ClCompile>
    <ClCompile Include="..\..\source\Subsystems\Graphics\Texture.cpp">
      <Filter>Subsystems/Graphics</Filter>
    </ClCompile>
    <ClCompile Include="..\..\source\Subsystems\Graphics\TextureCache.cpp">
      <Filter>Subsystems/Graphics</Filter>
    </ClCompile>
    <ClCompile Include="..\..\source\GameContextEvents_Pong.cpp">
      <Filter>Core</Filter>
    </ClCompile>
    <ClCompile Include="..\..\source\Core\Entity\EntityFactory.cpp">
      <Filter>Core/Entity</Filter>
    </ClCompile>
    <ClCompile Include="..\..\source\Core\Entity\EntityPool.cpp">
      <Filter>Core/Entity</Filter>
    </ClCompile>
    <ClCompile Include="..\..\source\Subsystems\Graphics\AnimationInfo.cpp">
      <Filter>Subsystems/Graphics</Filter>
    </ClCompile>
    <ClCompile Include="..\..\source\Subsystems\Input\InputContext.cpp">
      <Filter>Subsystems/Input</Filter>
    </ClCompile>
    <ClCompile Include="..\..\source\Subsystems\Input\InputSystem.cpp">
      <Filter>Subsystems/Input</Filter>
    </ClCompile>
    <ClCompile Include="..\..\source\Subsystems\Input\KeyCodes.cpp">
      <Filter>Subsystems/Input</Filter>
    </ClCompile>
    <ClCompile Include="..\..\source\Subsystems\Input\MappedInput.cpp">
      <Filter>Subsystems/Input</Filter>
    </ClCompile>
  </ItemGroup>
  <ItemGroup>
    <ClInclude Include="..\..\source\Win32\WindowClass.h">
      <Filter>Win32</Filter>
    </ClInclude>
    <ClInclude Include="..\..\source\Win32\StandardWindow.h">
      <Filter>Win32</Filter>
    </ClInclude>
    <ClInclude Include="..\..\source\Win32\GameWindow.h">
      <Filter>Win32</Filter>
    </ClInclude>
    <ClInclude Include="..\..\source\Win32\AbstractWindow.h">
      <Filter>Win32</Filter>
    </ClInclude>
    <ClInclude Include="..\..\source\Util\Logger.h">
      <Filter>Util</Filter>
    </ClInclude>
    <ClInclude Include="..\..\source\Subsystems\Script\LuaEngine.h">
      <Filter>Subsystems/Script</Filter>
    </ClInclude>
    <ClInclude Include="..\..\source\Subsystems\Script\LuaInclude.h">
      <Filter>Subsystems/Script</Filter>
    </ClInclude>
    <ClInclude Include="..\..\source\Subsystems\Graphics\RendererFactory.h">
      <Filter>Subsystems/Graphics</Filter>
    </ClInclude>
    <ClInclude Include="..\..\source\Subsystems\Graphics\dll_header.h">
      <Filter>Subsystems/Graphics</Filter>
    </ClInclude>
    <ClInclude Include="..\..\source\Util\Dimensional.h">
      <Filter>Util</Filter>
    </ClInclude>
    <ClInclude Include="..\..\source\Util\Color.h">
      <Filter>Util</Filter>
    </ClInclude>
    <ClInclude Include="..\..\source\Subsystems\Graphics\SpriteInfo.h">
      <Filter>Subsystems/Graphics</Filter>
    </ClInclude>
    <ClInclude Include="..\..\source\Subsystems\Graphics\Spritesheet.h">
      <Filter>Subsystems/Graphics</Filter>
    </ClInclude>
    <ClInclude Include="..\..\source\Subsystems\Graphics\SpritesheetCache.h">
      <Filter>Subsystems/Graphics</Filter>
    </ClInclude>
    <ClInclude Include="..\..\source\Util\Clock.h">
      <Filter>Util</Filter>
    </ClInclude>
    <ClInclude Include="..\..\source\Core\State\State.h">
      <Filter>Core/State</Filter>
    </ClInclude>
    <ClInclude Include="..\..\source\Core\State\Statemap.h">
      <Filter>Core/State</Filter>
    </ClInclude>
    <ClInclude Include="..\..\source\Util\DataStore.h">
      <Filter>Util</Filter>
    </ClInclude>
    <ClInclude Include="..\..\source\Core\Entity\Entity.h">
      <Filter>Core/Entity</Filter>
    </ClInclude>
    <ClInclude Include="..\..\source\Core\Form\Form.h">
      <Filter>Core/Form</Filter>
    </ClInclude>
    <ClInclude Include="..\..\source\Subsystems\Graphics\RenderingQueue.h">
      <Filter>Subsystems/Graphics</Filter>
    </ClInclude>
    <ClInclude Include="..\..\source\Core\Action\Action.h">
      <Filter>Core/Action</Filter>
    </ClInclude>
    <ClInclude Include="..\..\source\Core\Action\Actionmap.h">
      <Filter>Core/Action</Filter>
    </ClInclude>
    <ClInclude Include="..\..\source\Core\Action\Functions.h">
      <Filter>Core/Action</Filter>
    </ClInclude>
    <ClInclude Include="..\..\source\Engine.h">
      <Filter>Core</Filter>
    </ClInclude>
    <ClInclude Include="..\..\source\Defines.h">
      <Filter>Core</Filter>
    </ClInclude>
    <ClInclude Include="..\..\source\GameContext.h">
      <Filter>Core</Filter>
    </ClInclude>
    <ClInclude Include="..\..\source\ServiceLocator.h">
      <Filter>Core</Filter>
    </ClInclude>
    <ClInclude Include="..\..\source\Core\Action\ActionLogic.h">
      <Filter>Core/Action</Filter>
    </ClInclude>
    <ClInclude Include="..\..\source\Core\Action\ActionUpdater.h">
      <Filter>Core/Action</Filter>
    </ClInclude>
    <ClInclude Include="..\..\source\ResourceLocator.h">
      <Filter>Core</Filter>
    </ClInclude>
    <ClInclude Include="..\..\source\Subsystems\Graphics\Texture.h">
      <Filter>Subsystems/Graphics</Filter>
    </ClInclude>
    <ClInclude Include="..\..\source\Subsystems\Graphics\TextureCache.h">
      <Filter>Subsystems/Graphics</Filter>
    </ClInclude>
    <ClInclude Include="..\..\source\GameContextEvent.h">
      <Filter>Core</Filter>
    </ClInclude>
    <ClInclude Include="..\..\source\GameContextEvents_Pong.h">
      <Filter>Core</Filter>
    </ClInclude>
    <ClInclude Include="..\..\source\Core\Entity\EntityFactory.h">
      <Filter>Core/Entity</Filter>
    </ClInclude>
    <ClInclude Include="..\..\source\Core\Entity\EntityPool.h">
      <Filter>Core/Entity</Filter>
    </ClInclude>
    <ClInclude Include="..\..\source\Subsystems\Graphics\IRenderer.h">
      <Filter>Subsystems/Graphics</Filter>
    </ClInclude>
    <ClInclude Include="..\..\source\Subsystems\Graphics\AnimationInfo.h">
      <Filter>Subsystems/Graphics</Filter>
    </ClInclude>
    <ClInclude Include="..\..\source\Subsystems\Input\InputContext.h">
      <Filter>Subsystems/Input</Filter>
    </ClInclude>
    <ClInclude Include="..\..\source\Subsystems\Input\InputSystem.h">
      <Filter>Subsystems/Input</Filter>
    </ClInclude>
    <ClInclude Include="..\..\source\Subsystems\Input\KeyCodes.h">
      <Filter>Subsystems/Input</Filter>
    </ClInclude>
    <ClInclude Include="..\..\source\Subsystems\Input\MappedInput.h">
      <Filter>Subsystems/Input</Filter>
    </ClInclude>
    <ClInclude Include="..\..\source\Subsystems\Input\Event.h">
      <Filter>Subsystems/Input</Filter>
    </ClInclude>
  </ItemGroup>
  <ItemGroup>
    <Filter Include="Util">
      <UniqueIdentifier>{9e70d6ad-322f-4aa3-b68e-30148a2152b1}</UniqueIdentifier>
    </Filter>
    <Filter Include="Subsystems/Script">
      <UniqueIdentifier>{4058518f-6669-4a15-a99a-410065ec6698}</UniqueIdentifier>
    </Filter>
    <Filter Include="Subsystems/Graphics">
      <UniqueIdentifier>{d16cbe3a-1f6a-4f3a-a8e9-753054abca58}</UniqueIdentifier>
    </Filter>
    <Filter Include="Core/Form">
      <UniqueIdentifier>{1996716f-160d-4d8a-9227-63ed5eab7da2}</UniqueIdentifier>
    </Filter>
    <Filter Include="Core/State">
      <UniqueIdentifier>{523c40e5-7ff9-41c9-8cf9-142a86564af9}</UniqueIdentifier>
    </Filter>
    <Filter Include="Core/Entity">
      <UniqueIdentifier>{36ed7cd0-141f-4d27-b32b-91b421708503}</UniqueIdentifier>
    </Filter>
    <Filter Include="Core/Action">
      <UniqueIdentifier>{8b8ca550-38c1-4bc3-9433-33fed5d1c035}</UniqueIdentifier>
    </Filter>
    <Filter Include="Core">
      <UniqueIdentifier>{0623db72-840b-4e76-a292-bdf2840d4dc1}</UniqueIdentifier>
    </Filter>
    <Filter Include="Win32">
      <UniqueIdentifier>{0bbfd117-01ee-4223-8cbd-18b746697cd2}</UniqueIdentifier>
    </Filter>
    <Filter Include="Subsystems/Input">
      <UniqueIdentifier>{aacf9618-efb6-47dc-8074-09d1e766aeb2}</UniqueIdentifier>
    </Filter>
    <Filter Include="Resources">
      <UniqueIdentifier>{af13eb68-4100-43be-bdff-4fcdc5921d7e}</UniqueIdentifier>
    </Filter>
  </ItemGroup>
  <ItemGroup>
    <None Include="config.lua" />
    <None Include="logger.log" />
    <None Include="resources\character.sheet">
      <Filter>Resources</Filter>
    </None>
    <None Include="resources\pong.sheet">
      <Filter>Resources</Filter>
    </None>
  </ItemGroup>
  <ItemGroup>
    <Text Include="..\..\docs\Planning.txt" />
  </ItemGroup>
  <ItemGroup>
    <Image Include="resources\character.png">
      <Filter>Resources</Filter>
    </Image>
    <Image Include="resources\gui_window.png">
      <Filter>Resources</Filter>
    </Image>
    <Image Include="resources\pong.png">
      <Filter>Resources</Filter>
    </Image>
  </ItemGroup>
</Project>