<?xml version="1.0" encoding="utf-8"?>
<Project ToolsVersion="4.0" xmlns="http://schemas.microsoft.com/developer/msbuild/2003">
  <ItemGroup>
    <ClCompile Include="..\..\..\src\stdafx_builder.cpp">
      <Filter>code</Filter>
    </ClCompile>
    <ClCompile Include="..\..\..\src\winmain.cpp">
      <Filter>code</Filter>
    </ClCompile>
    <ClCompile Include="..\..\..\src\audio\audio_system.cpp">
      <Filter>code\framework\audio</Filter>
    </ClCompile>
    <ClCompile Include="..\..\..\src\graphics\mesh\mesh.cpp">
      <Filter>code\framework\graphics\mesh</Filter>
    </ClCompile>
    <ClCompile Include="..\..\..\src\graphics\shader\pixel\pixel_shader_file_loader.cpp">
      <Filter>code\framework\graphics\shader\pixel</Filter>
    </ClCompile>
    <ClCompile Include="..\..\..\src\graphics\shader\pixel\pixel_shader_loader.cpp">
      <Filter>code\framework\graphics\shader\pixel</Filter>
    </ClCompile>
    <ClCompile Include="..\..\..\src\graphics\shader\vertex\vertex_shader_file_loader.cpp">
      <Filter>code\framework\graphics\shader\vertex</Filter>
    </ClCompile>
    <ClCompile Include="..\..\..\src\graphics\shader\vertex\vertex_shader_loader.cpp">
      <Filter>code\framework\graphics\shader\vertex</Filter>
    </ClCompile>
    <ClCompile Include="..\..\..\src\graphics\texture\texture_file_loader.cpp">
      <Filter>code\framework\graphics\texture</Filter>
    </ClCompile>
    <ClCompile Include="..\..\..\src\graphics\camera.cpp">
      <Filter>code\framework\graphics</Filter>
    </ClCompile>
    <ClCompile Include="..\..\..\src\graphics\dx_renderer.cpp">
      <Filter>code\framework\graphics</Filter>
    </ClCompile>
    <ClCompile Include="..\..\..\src\graphics\graphics_system.cpp">
      <Filter>code\framework\graphics</Filter>
    </ClCompile>
    <ClCompile Include="..\..\..\src\graphics\vertex.cpp">
      <Filter>code\framework\graphics</Filter>
    </ClCompile>
    <ClCompile Include="..\..\..\src\input\input_system.cpp">
      <Filter>code\framework\input</Filter>
    </ClCompile>
    <ClCompile Include="..\..\..\src\input\gamepad.cpp">
      <Filter>code\framework\input\devices</Filter>
    </ClCompile>
    <ClCompile Include="..\..\..\src\input\keyboard.cpp">
      <Filter>code\framework\input\devices</Filter>
    </ClCompile>
    <ClCompile Include="..\..\..\src\input\mouse.cpp">
      <Filter>code\framework\input\devices</Filter>
    </ClCompile>
    <ClCompile Include="..\..\..\src\window\gamepad_handler.cpp">
      <Filter>code\framework\window\windows</Filter>
    </ClCompile>
    <ClCompile Include="..\..\..\src\window\keyboard_handler.cpp">
      <Filter>code\framework\window\windows</Filter>
    </ClCompile>
    <ClCompile Include="..\..\..\src\window\mouse_handler.cpp">
      <Filter>code\framework\window\windows</Filter>
    </ClCompile>
    <ClCompile Include="..\..\..\src\window\read_directory_changes.cpp">
      <Filter>code\framework\window\windows</Filter>
    </ClCompile>
    <ClCompile Include="..\..\..\src\window\read_directory_changes_private.cpp">
      <Filter>code\framework\window\windows</Filter>
    </ClCompile>
    <ClCompile Include="..\..\..\src\window\window.cpp">
      <Filter>code\framework\window\windows</Filter>
    </ClCompile>
    <ClCompile Include="..\..\..\src\window\window_class.cpp">
      <Filter>code\framework\window\windows</Filter>
    </ClCompile>
    <ClCompile Include="..\..\..\src\games\game_entry_point.cpp">
      <Filter>code\games</Filter>
    </ClCompile>
    <ClCompile Include="..\..\..\src\lua\lua_stack.cpp">
      <Filter>code\framework\lua</Filter>
    </ClCompile>
    <ClCompile Include="..\..\..\src\lua\lua_stack_impl.cpp">
      <Filter>code\framework\lua</Filter>
    </ClCompile>
    <ClCompile Include="..\..\..\src\lua\lua_system.cpp">
      <Filter>code\framework\lua</Filter>
    </ClCompile>
    <ClCompile Include="..\..\..\src\lua\lua_system_playground.cpp">
      <Filter>code\framework\lua</Filter>
    </ClCompile>
    <ClCompile Include="..\..\..\src\games\rainbowland\types\movement.cpp">
      <Filter>code\games\rainbowland\data</Filter>
    </ClCompile>
    <ClCompile Include="..\..\..\src\graphics\font\font_descriptor.cpp">
      <Filter>code\framework\graphics\font</Filter>
    </ClCompile>
    <ClCompile Include="..\..\..\src\graphics\font\font_system.cpp">
      <Filter>code\framework\graphics\font</Filter>
    </ClCompile>
    <ClCompile Include="..\..\..\src\games\rainbowland\game.cpp">
      <Filter>code\games\rainbowland</Filter>
    </ClCompile>
    <ClCompile Include="..\..\..\src\games\rainbowland\load_game_resources.cpp">
      <Filter>code\games\rainbowland\logic</Filter>
    </ClCompile>
    <ClCompile Include="..\..\..\src\utility\geometry\circle.cpp">
      <Filter>code\framework\utility\geometry</Filter>
    </ClCompile>
    <ClCompile Include="..\..\..\src\utility\geometry\rect.cpp">
      <Filter>code\framework\utility\geometry</Filter>
    </ClCompile>
    <ClCompile Include="..\..\..\src\utility\geometry\vec2.cpp">
      <Filter>code\framework\utility\geometry</Filter>
    </ClCompile>
    <ClCompile Include="..\..\..\src\utility\geometry\vec3.cpp">
      <Filter>code\framework\utility\geometry</Filter>
    </ClCompile>
    <ClCompile Include="..\..\..\src\utility\time\clock.cpp">
      <Filter>code\framework\utility\time</Filter>
    </ClCompile>
    <ClCompile Include="..\..\..\src\utility\time\cooldown_timer.cpp">
      <Filter>code\framework\utility\time</Filter>
    </ClCompile>
    <ClCompile Include="..\..\..\src\utility\time\periodic_timer.cpp">
      <Filter>code\framework\utility\time</Filter>
    </ClCompile>
    <ClCompile Include="..\..\..\src\utility\time\timer.cpp">
      <Filter>code\framework\utility\time</Filter>
    </ClCompile>
    <ClCompile Include="..\..\..\src\utility\collision_checks.cpp">
      <Filter>code\framework\utility</Filter>
    </ClCompile>
    <ClCompile Include="..\..\..\src\utility\color.cpp">
      <Filter>code\framework\utility</Filter>
    </ClCompile>
    <ClCompile Include="..\..\..\src\utility\random.cpp">
      <Filter>code\framework\utility</Filter>
    </ClCompile>
    <ClCompile Include="..\..\..\src\utility\ring_buffer.cpp">
      <Filter>code\framework\utility</Filter>
    </ClCompile>
    <ClCompile Include="..\..\..\src\utility\ring_buffer_playground.cpp">
      <Filter>code\framework\utility</Filter>
    </ClCompile>
    <ClCompile Include="..\..\..\src\utility\transform.cpp">
      <Filter>code\framework\utility</Filter>
    </ClCompile>
    <ClCompile Include="..\..\..\src\utility\utility.cpp">
      <Filter>code\framework\utility</Filter>
    </ClCompile>
    <ClCompile Include="..\..\..\src\audio\sound_file_loader.cpp">
      <Filter>code\framework\audio</Filter>
    </ClCompile>
    <ClCompile Include="..\..\..\src\utility\file_loader.cpp">
      <Filter>code\framework\utility</Filter>
    </ClCompile>
  </ItemGroup>
  <ItemGroup>
    <ClInclude Include="..\..\..\src\stdafx.h">
      <Filter>code</Filter>
    </ClInclude>
    <ClInclude Include="..\..\..\src\audio\audio_system.h">
      <Filter>code\framework\audio</Filter>
    </ClInclude>
    <ClInclude Include="..\..\..\src\audio\fmod_include.h">
      <Filter>code\framework\audio</Filter>
    </ClInclude>
    <ClInclude Include="..\..\..\src\graphics\mesh\mesh.h">
      <Filter>code\framework\graphics\mesh</Filter>
    </ClInclude>
    <ClInclude Include="..\..\..\src\graphics\shader\pixel\default_pixel_shader.h">
      <Filter>code\framework\graphics\shader\pixel</Filter>
    </ClInclude>
    <ClInclude Include="..\..\..\src\graphics\shader\pixel\pixel_shader.h">
      <Filter>code\framework\graphics\shader\pixel</Filter>
    </ClInclude>
    <ClInclude Include="..\..\..\src\graphics\shader\pixel\pixel_shader_file_loader.h">
      <Filter>code\framework\graphics\shader\pixel</Filter>
    </ClInclude>
    <ClInclude Include="..\..\..\src\graphics\shader\pixel\pixel_shader_loader.h">
      <Filter>code\framework\graphics\shader\pixel</Filter>
    </ClInclude>
    <ClInclude Include="..\..\..\src\graphics\shader\pixel\pixel_shader_manager.h">
      <Filter>code\framework\graphics\shader\pixel</Filter>
    </ClInclude>
    <ClInclude Include="..\..\..\src\graphics\shader\vertex\default_vertex_shader.h">
      <Filter>code\framework\graphics\shader\vertex</Filter>
    </ClInclude>
    <ClInclude Include="..\..\..\src\graphics\shader\vertex\vertex_shader.h">
      <Filter>code\framework\graphics\shader\vertex</Filter>
    </ClInclude>
    <ClInclude Include="..\..\..\src\graphics\shader\vertex\vertex_shader_file_loader.h">
      <Filter>code\framework\graphics\shader\vertex</Filter>
    </ClInclude>
    <ClInclude Include="..\..\..\src\graphics\shader\vertex\vertex_shader_loader.h">
      <Filter>code\framework\graphics\shader\vertex</Filter>
    </ClInclude>
    <ClInclude Include="..\..\..\src\graphics\shader\vertex\vertex_shader_manager.h">
      <Filter>code\framework\graphics\shader\vertex</Filter>
    </ClInclude>
    <ClInclude Include="..\..\..\src\graphics\shader\shader_handle.h">
      <Filter>code\framework\graphics\shader</Filter>
    </ClInclude>
    <ClInclude Include="..\..\..\src\graphics\texture\texture.h">
      <Filter>code\framework\graphics\texture</Filter>
    </ClInclude>
    <ClInclude Include="..\..\..\src\graphics\texture\texture_file_loader.h">
      <Filter>code\framework\graphics\texture</Filter>
    </ClInclude>
    <ClInclude Include="..\..\..\src\graphics\texture\texture_handle.h">
      <Filter>code\framework\graphics\texture</Filter>
    </ClInclude>
    <ClInclude Include="..\..\..\src\graphics\texture\texture_manager.h">
      <Filter>code\framework\graphics\texture</Filter>
    </ClInclude>
    <ClInclude Include="..\..\..\src\graphics\camera.h">
      <Filter>code\framework\graphics</Filter>
    </ClInclude>
    <ClInclude Include="..\..\..\src\graphics\dx_include.h">
      <Filter>code\framework\graphics</Filter>
    </ClInclude>
    <ClInclude Include="..\..\..\src\graphics\dx_renderer.h">
      <Filter>code\framework\graphics</Filter>
    </ClInclude>
    <ClInclude Include="..\..\..\src\graphics\graphics_system.h">
      <Filter>code\framework\graphics</Filter>
    </ClInclude>
    <ClInclude Include="..\..\..\src\graphics\vertex.h">
      <Filter>code\framework\graphics</Filter>
    </ClInclude>
    <ClInclude Include="..\..\..\src\input\input_system.h">
      <Filter>code\framework\input</Filter>
    </ClInclude>
    <ClInclude Include="..\..\..\src\input\gamepad.h">
      <Filter>code\framework\input\devices</Filter>
    </ClInclude>
    <ClInclude Include="..\..\..\src\input\keyboard.h">
      <Filter>code\framework\input\devices</Filter>
    </ClInclude>
    <ClInclude Include="..\..\..\src\input\mouse.h">
      <Filter>code\framework\input\devices</Filter>
    </ClInclude>
    <ClInclude Include="..\..\..\src\window\gamepad_handler.h">
      <Filter>code\framework\window\windows</Filter>
    </ClInclude>
    <ClInclude Include="..\..\..\src\window\keyboard_handler.h">
      <Filter>code\framework\window\windows</Filter>
    </ClInclude>
    <ClInclude Include="..\..\..\src\window\mouse_handler.h">
      <Filter>code\framework\window\windows</Filter>
    </ClInclude>
    <ClInclude Include="..\..\..\src\window\read_directory_changes.h">
      <Filter>code\framework\window\windows</Filter>
    </ClInclude>
    <ClInclude Include="..\..\..\src\window\read_directory_changes_private.h">
      <Filter>code\framework\window\windows</Filter>
    </ClInclude>
    <ClInclude Include="..\..\..\src\window\window.h">
      <Filter>code\framework\window\windows</Filter>
    </ClInclude>
    <ClInclude Include="..\..\..\src\window\window_class.h">
      <Filter>code\framework\window\windows</Filter>
    </ClInclude>
    <ClInclude Include="..\..\..\src\window\window_include.h">
      <Filter>code\framework\window\windows</Filter>
    </ClInclude>
    <ClInclude Include="..\..\..\src\graphics\graphics_types.h">
      <Filter>code\framework\graphics</Filter>
    </ClInclude>
    <ClInclude Include="..\..\..\src\games\game_entry_point.h">
      <Filter>code\games</Filter>
    </ClInclude>
    <ClInclude Include="..\..\..\src\lua\lua_stack.h">
      <Filter>code\framework\lua</Filter>
    </ClInclude>
    <ClInclude Include="..\..\..\src\lua\lua_stack_impl.h">
      <Filter>code\framework\lua</Filter>
    </ClInclude>
    <ClInclude Include="..\..\..\src\lua\lua_system.h">
      <Filter>code\framework\lua</Filter>
    </ClInclude>
    <ClInclude Include="..\..\..\src\lua\lua_include.h">
      <Filter>code\framework\lua</Filter>
    </ClInclude>
    <ClInclude Include="..\..\..\src\games\rainbowland\types\movement.h">
      <Filter>code\games\rainbowland\data</Filter>
    </ClInclude>
    <ClInclude Include="..\..\..\src\graphics\font\font_descriptor.h">
      <Filter>code\framework\graphics\font</Filter>
    </ClInclude>
    <ClInclude Include="..\..\..\src\graphics\font\font_system.h">
      <Filter>code\framework\graphics\font</Filter>
    </ClInclude>
    <ClInclude Include="..\..\..\src\games\rainbowland\game.h">
      <Filter>code\games\rainbowland</Filter>
    </ClInclude>
    <ClInclude Include="..\..\..\src\audio\sound_manager.h">
      <Filter>code\framework\audio</Filter>
    </ClInclude>
    <ClInclude Include="..\..\..\src\games\rainbowland\logic\code.h">
      <Filter>code\games\rainbowland\logic</Filter>
    </ClInclude>
    <ClInclude Include="..\..\..\src\games\rainbowland\load_game_resources.h">
      <Filter>code\games\rainbowland\logic</Filter>
    </ClInclude>
    <ClInclude Include="..\..\..\src\window\window_message.h">
      <Filter>code\framework\window</Filter>
    </ClInclude>
    <ClInclude Include="..\..\..\src\utility\geometry\circle.h">
      <Filter>code\framework\utility\geometry</Filter>
    </ClInclude>
    <ClInclude Include="..\..\..\src\utility\geometry\rect.h">
      <Filter>code\framework\utility\geometry</Filter>
    </ClInclude>
    <ClInclude Include="..\..\..\src\utility\geometry\vec2.h">
      <Filter>code\framework\utility\geometry</Filter>
    </ClInclude>
    <ClInclude Include="..\..\..\src\utility\geometry\vec3.h">
      <Filter>code\framework\utility\geometry</Filter>
    </ClInclude>
    <ClInclude Include="..\..\..\src\utility\template\name_cache_template.h">
      <Filter>code\framework\utility\template</Filter>
    </ClInclude>
    <ClInclude Include="..\..\..\src\utility\template\resource_cache_template.h">
      <Filter>code\framework\utility\template</Filter>
    </ClInclude>
    <ClInclude Include="..\..\..\src\utility\template\resource_handle_template.h">
      <Filter>code\framework\utility\template</Filter>
    </ClInclude>
    <ClInclude Include="..\..\..\src\utility\template\resource_manager_template.h">
      <Filter>code\framework\utility\template</Filter>
    </ClInclude>
    <ClInclude Include="..\..\..\src\utility\time\clock.h">
      <Filter>code\framework\utility\time</Filter>
    </ClInclude>
    <ClInclude Include="..\..\..\src\utility\time\cooldown_timer.h">
      <Filter>code\framework\utility\time</Filter>
    </ClInclude>
    <ClInclude Include="..\..\..\src\utility\time\periodic_timer.h">
      <Filter>code\framework\utility\time</Filter>
    </ClInclude>
    <ClInclude Include="..\..\..\src\utility\time\time_unit_conversions.h">
      <Filter>code\framework\utility\time</Filter>
    </ClInclude>
    <ClInclude Include="..\..\..\src\utility\time\timer.h">
      <Filter>code\framework\utility\time</Filter>
    </ClInclude>
    <ClInclude Include="..\..\..\src\utility\collision_checks.h">
      <Filter>code\framework\utility</Filter>
    </ClInclude>
    <ClInclude Include="..\..\..\src\utility\color.h">
      <Filter>code\framework\utility</Filter>
    </ClInclude>
    <ClInclude Include="..\..\..\src\utility\communication_buffer.h">
      <Filter>code\framework\utility</Filter>
    </ClInclude>
    <ClInclude Include="..\..\..\src\utility\memory.h">
      <Filter>code\framework\utility</Filter>
    </ClInclude>
    <ClInclude Include="..\..\..\src\utility\random.h">
      <Filter>code\framework\utility</Filter>
    </ClInclude>
    <ClInclude Include="..\..\..\src\utility\ring_buffer.h">
      <Filter>code\framework\utility</Filter>
    </ClInclude>
    <ClInclude Include="..\..\..\src\utility\transform.h">
      <Filter>code\framework\utility</Filter>
    </ClInclude>
    <ClInclude Include="..\..\..\src\utility\types.h">
      <Filter>code\framework\utility</Filter>
    </ClInclude>
    <ClInclude Include="..\..\..\src\utility\utility.h">
      <Filter>code\framework\utility</Filter>
    </ClInclude>
    <ClInclude Include="..\..\..\src\games\entity.h">
      <Filter>code\games</Filter>
    </ClInclude>
    <ClInclude Include="..\..\..\src\audio\sound_handle.h">
      <Filter>code\framework\audio</Filter>
    </ClInclude>
    <ClInclude Include="..\..\..\src\audio\sound_file_loader.h">
      <Filter>code\framework\audio</Filter>
    </ClInclude>
    <ClInclude Include="..\..\..\src\audio\sound.h">
      <Filter>code\framework\audio</Filter>
    </ClInclude>
    <ClInclude Include="..\..\..\src\games\rainbowland\rainbowland.h">
      <Filter>code\games\rainbowland</Filter>
    </ClInclude>
    <ClInclude Include="..\..\..\src\utility\file_loader.h">
      <Filter>code\framework\utility</Filter>
    </ClInclude>
  </ItemGroup>
  <ItemGroup>
    <Filter Include="code">
      <UniqueIdentifier>{7396be76-2094-4582-9c39-3a43f5c88af6}</UniqueIdentifier>
    </Filter>
    <Filter Include="code\framework">
      <UniqueIdentifier>{6d866dbf-8d0e-422d-abdc-3c377019301b}</UniqueIdentifier>
    </Filter>
    <Filter Include="code\framework\audio">
      <UniqueIdentifier>{38769727-8ce4-4b23-bd9f-9b3654c30691}</UniqueIdentifier>
    </Filter>
    <Filter Include="code\framework\graphics">
      <UniqueIdentifier>{eaa1e107-5704-493f-aae2-048ac703877e}</UniqueIdentifier>
    </Filter>
    <Filter Include="code\framework\graphics\mesh">
      <UniqueIdentifier>{1e7b813a-acbd-419d-8b6d-316d3d6777a1}</UniqueIdentifier>
    </Filter>
    <Filter Include="code\framework\graphics\shader">
      <UniqueIdentifier>{86373863-cfd8-421a-bd79-fd87b123cf75}</UniqueIdentifier>
    </Filter>
    <Filter Include="code\framework\graphics\shader\pixel">
      <UniqueIdentifier>{79a75274-7949-4131-a3d1-ecae29af3d78}</UniqueIdentifier>
    </Filter>
    <Filter Include="code\framework\graphics\shader\vertex">
      <UniqueIdentifier>{a60334bc-2b56-4247-a4e5-25bf1bcb9c69}</UniqueIdentifier>
    </Filter>
    <Filter Include="code\framework\graphics\texture">
      <UniqueIdentifier>{98952245-2e0d-4b12-a832-19ff29546a66}</UniqueIdentifier>
    </Filter>
    <Filter Include="code\framework\input">
      <UniqueIdentifier>{ded6ae73-6084-4a00-8b48-5a351f40f9d5}</UniqueIdentifier>
    </Filter>
    <Filter Include="code\framework\input\devices">
      <UniqueIdentifier>{ea2b549d-61ac-4f42-8c85-bae97d6801b1}</UniqueIdentifier>
    </Filter>
    <Filter Include="code\framework\window">
      <UniqueIdentifier>{8bbf906b-4ef6-4407-8979-d1c7f15135b6}</UniqueIdentifier>
    </Filter>
    <Filter Include="code\framework\window\windows">
      <UniqueIdentifier>{fb75e8cc-9af9-493c-8ff7-4b3b996f36a4}</UniqueIdentifier>
    </Filter>
    <Filter Include="code\games">
      <UniqueIdentifier>{b7cb840d-e593-43b7-9cf2-570ce4574a57}</UniqueIdentifier>
    </Filter>
    <Filter Include="code\games\rainbowland">
      <UniqueIdentifier>{61078100-e572-45d1-a0e0-5654390f3945}</UniqueIdentifier>
    </Filter>
    <Filter Include="code\games\rainbowland\logic">
      <UniqueIdentifier>{5c7399e0-be04-4354-a4cc-d5ec3931ca40}</UniqueIdentifier>
    </Filter>
    <Filter Include="code\framework\lua">
      <UniqueIdentifier>{c8d983e7-3d8b-4c38-9cf7-649cddbf2133}</UniqueIdentifier>
    </Filter>
    <Filter Include="code\games\rainbowland\data">
      <UniqueIdentifier>{d9dc53f3-844f-4de2-966e-6fd585acd37f}</UniqueIdentifier>
    </Filter>
    <Filter Include="code\framework\graphics\font">
      <UniqueIdentifier>{35778f1b-e723-444c-9b01-b2ccc29cbd9f}</UniqueIdentifier>
    </Filter>
    <Filter Include="code\framework\utility">
      <UniqueIdentifier>{565cb0f6-2f3c-4edb-9208-e53adeef455d}</UniqueIdentifier>
    </Filter>
    <Filter Include="code\framework\utility\geometry">
      <UniqueIdentifier>{32fe215e-3092-4a9f-acd9-17067b78d58b}</UniqueIdentifier>
    </Filter>
    <Filter Include="code\framework\utility\template">
      <UniqueIdentifier>{00d1644b-7bf8-43cd-8bfe-bc038d648a46}</UniqueIdentifier>
    </Filter>
    <Filter Include="code\framework\utility\time">
      <UniqueIdentifier>{9f53bd47-2c17-4739-88dd-38660f29f11a}</UniqueIdentifier>
    </Filter>
  </ItemGroup>
  <ItemGroup>
    <None Include="..\..\..\src\graphics\shader\default_shader.hlsl">
      <Filter>code\framework\graphics\shader</Filter>
    </None>
    <None Include="..\..\..\src\games\rainbowland\design.txt" />
    <None Include="..\..\..\src\games\rainbowland\logic\code.cpp">
      <Filter>code\games\rainbowland\logic</Filter>
    </None>
    <None Include="..\..\..\src\games\rainbowland\rainbowland.cpp">
      <Filter>code\games\rainbowland</Filter>
    </None>
  </ItemGroup>
</Project>