<?xml version="1.0" encoding="utf-8"?>
<Project ToolsVersion="4.0" xmlns="http://schemas.microsoft.com/developer/msbuild/2003">
  <ItemGroup>
    <ClCompile Include="..\..\..\src\Games\GameInit.cpp">
      <Filter>Code\Games</Filter>
    </ClCompile>
    <ClCompile Include="..\..\..\src\Util\CooldownTimer.cpp">
      <Filter>Code\Framework\Util\Time</Filter>
    </ClCompile>
    <ClCompile Include="..\..\..\src\Util\PeriodicTimer.cpp">
      <Filter>Code\Framework\Util\Time</Filter>
    </ClCompile>
    <ClCompile Include="..\..\..\src\Util\Timer.cpp">
      <Filter>Code\Framework\Util\Time</Filter>
    </ClCompile>
    <ClCompile Include="..\..\..\src\Util\Clock.cpp">
      <Filter>Code\Framework\Util\Time</Filter>
    </ClCompile>
    <ClCompile Include="..\..\..\src\Window\GamepadHandler.cpp">
      <Filter>Code\Framework\Window\Windows</Filter>
    </ClCompile>
    <ClCompile Include="..\..\..\src\Window\KeyboardHandler.cpp">
      <Filter>Code\Framework\Window\Windows</Filter>
    </ClCompile>
    <ClCompile Include="..\..\..\src\Window\MouseHandler.cpp">
      <Filter>Code\Framework\Window\Windows</Filter>
    </ClCompile>
    <ClCompile Include="..\..\..\src\Window\ReadDirectoryChanges.cpp">
      <Filter>Code\Framework\Window\Windows</Filter>
    </ClCompile>
    <ClCompile Include="..\..\..\src\Window\ReadDirectoryChangesPrivate.cpp">
      <Filter>Code\Framework\Window\Windows</Filter>
    </ClCompile>
    <ClCompile Include="..\..\..\src\Window\Window.cpp">
      <Filter>Code\Framework\Window\Windows</Filter>
    </ClCompile>
    <ClCompile Include="..\..\..\src\Window\WindowClass.cpp">
      <Filter>Code\Framework\Window\Windows</Filter>
    </ClCompile>
    <ClCompile Include="..\..\..\src\Window\Window_general.cpp">
      <Filter>Code\Framework\Window\Windows</Filter>
    </ClCompile>
    <ClCompile Include="..\..\..\src\Window\Window_platform.cpp">
      <Filter>Code\Framework\Window\Windows</Filter>
    </ClCompile>
    <ClCompile Include="..\..\..\src\Graphics\Camera.cpp">
      <Filter>Code\Framework\Graphics</Filter>
    </ClCompile>
    <ClCompile Include="..\..\..\src\Games\Rainbowland\Main.cpp">
      <Filter>Code\Games\Rainbowland</Filter>
    </ClCompile>
    <ClCompile Include="..\..\..\src\Util\Color.cpp">
      <Filter>Code\Framework\Util</Filter>
    </ClCompile>
    <ClCompile Include="..\..\..\src\Graphics\GraphicsSystem.cpp">
      <Filter>Code\Framework\Graphics</Filter>
    </ClCompile>
    <ClCompile Include="..\..\..\src\stdafx_builder.cpp">
      <Filter>Code</Filter>
    </ClCompile>
    <ClCompile Include="..\..\..\src\winmain.cpp">
      <Filter>Code</Filter>
    </ClCompile>
    <ClCompile Include="..\..\..\src\Graphics\DXRenderer.cpp">
      <Filter>Code\Framework\Graphics</Filter>
    </ClCompile>
    <ClCompile Include="..\..\..\src\Graphics\Vertex.cpp">
      <Filter>Code\Framework\Graphics</Filter>
    </ClCompile>
    <ClCompile Include="..\..\..\src\Graphics\Texture\DXTextureFileLoader.cpp">
      <Filter>Code\Framework\Graphics\Texture</Filter>
    </ClCompile>
    <ClCompile Include="..\..\..\src\Util\Utility.cpp">
      <Filter>Code\Framework\Util</Filter>
    </ClCompile>
    <ClCompile Include="..\..\..\src\Graphics\Mesh\Mesh.cpp">
      <Filter>Code\Framework\Graphics\Mesh</Filter>
    </ClCompile>
    <ClCompile Include="..\..\..\src\Util\Transform.cpp">
      <Filter>Code\Framework\Util</Filter>
    </ClCompile>
    <ClCompile Include="..\..\..\src\Input\InputSystem.cpp">
      <Filter>Code\Framework\Input</Filter>
    </ClCompile>
    <ClCompile Include="..\..\..\src\Input\Gamepad.cpp">
      <Filter>Code\Framework\Input\Devices</Filter>
    </ClCompile>
    <ClCompile Include="..\..\..\src\Input\Keyboard.cpp">
      <Filter>Code\Framework\Input\Devices</Filter>
    </ClCompile>
    <ClCompile Include="..\..\..\src\Input\Mouse.cpp">
      <Filter>Code\Framework\Input\Devices</Filter>
    </ClCompile>
    <ClCompile Include="..\..\..\src\Util\Rect.cpp">
      <Filter>Code\Framework\Util\Geometry</Filter>
    </ClCompile>
    <ClCompile Include="..\..\..\src\Games\Rainbowland\LoadGameResources.cpp">
      <Filter>Code\Games\Rainbowland</Filter>
    </ClCompile>
    <ClCompile Include="..\..\..\src\Audio\AudioSystem.cpp">
      <Filter>Code\Framework\Audio</Filter>
    </ClCompile>
    <ClCompile Include="..\..\..\src\Audio\FmodSoundFileLoader.cpp">
      <Filter>Code\Framework\Audio</Filter>
    </ClCompile>
    <ClCompile Include="..\..\..\src\Graphics\Shader\Vertex\VertexShaderFileLoader.cpp">
      <Filter>Code\Framework\Graphics\Shader\Vertex</Filter>
    </ClCompile>
    <ClCompile Include="..\..\..\src\Graphics\Shader\Vertex\VertexShaderLoader.cpp">
      <Filter>Code\Framework\Graphics\Shader\Vertex</Filter>
    </ClCompile>
    <ClCompile Include="..\..\..\src\Graphics\Shader\Pixel\PixelShaderFileLoader.cpp">
      <Filter>Code\Framework\Graphics\Shader\Pixel</Filter>
    </ClCompile>
    <ClCompile Include="..\..\..\src\Graphics\Shader\Pixel\PixelShaderLoader.cpp">
      <Filter>Code\Framework\Graphics\Shader\Pixel</Filter>
    </ClCompile>
    <ClCompile Include="..\..\..\src\Graphics\Shader\FileLoader.cpp">
      <Filter>Code\Framework\Graphics\Shader</Filter>
    </ClCompile>
  </ItemGroup>
  <ItemGroup>
    <ClInclude Include="..\..\..\src\Games\GameInit.h">
      <Filter>Code\Games</Filter>
    </ClInclude>
    <ClInclude Include="..\..\..\src\Window\WindowEvent.h">
      <Filter>Code\Framework\Window</Filter>
    </ClInclude>
    <ClInclude Include="..\..\..\src\Util\CooldownTimer.h">
      <Filter>Code\Framework\Util\Time</Filter>
    </ClInclude>
    <ClInclude Include="..\..\..\src\Util\PeriodicTimer.h">
      <Filter>Code\Framework\Util\Time</Filter>
    </ClInclude>
    <ClInclude Include="..\..\..\src\Util\Timer.h">
      <Filter>Code\Framework\Util\Time</Filter>
    </ClInclude>
    <ClInclude Include="..\..\..\src\Util\Clock.h">
      <Filter>Code\Framework\Util\Time</Filter>
    </ClInclude>
    <ClInclude Include="..\..\..\src\Util\TimeUnitConversions.h">
      <Filter>Code\Framework\Util\Time</Filter>
    </ClInclude>
    <ClInclude Include="..\..\..\src\Util\Utility.h">
      <Filter>Code\Framework\Util</Filter>
    </ClInclude>
    <ClInclude Include="..\..\..\src\Games\GameList.h">
      <Filter>Code\Games</Filter>
    </ClInclude>
    <ClInclude Include="..\..\..\src\Window\GamepadHandler.h">
      <Filter>Code\Framework\Window\Windows</Filter>
    </ClInclude>
    <ClInclude Include="..\..\..\src\Window\KeyboardHandler.h">
      <Filter>Code\Framework\Window\Windows</Filter>
    </ClInclude>
    <ClInclude Include="..\..\..\src\Window\MouseHandler.h">
      <Filter>Code\Framework\Window\Windows</Filter>
    </ClInclude>
    <ClInclude Include="..\..\..\src\Window\myWindows.h">
      <Filter>Code\Framework\Window\Windows</Filter>
    </ClInclude>
    <ClInclude Include="..\..\..\src\Window\ReadDirectoryChanges.h">
      <Filter>Code\Framework\Window\Windows</Filter>
    </ClInclude>
    <ClInclude Include="..\..\..\src\Window\ReadDirectoryChangesPrivate.h">
      <Filter>Code\Framework\Window\Windows</Filter>
    </ClInclude>
    <ClInclude Include="..\..\..\src\Window\Window.h">
      <Filter>Code\Framework\Window\Windows</Filter>
    </ClInclude>
    <ClInclude Include="..\..\..\src\Window\WindowClass.h">
      <Filter>Code\Framework\Window\Windows</Filter>
    </ClInclude>
    <ClInclude Include="..\..\..\src\Graphics\Camera.h">
      <Filter>Code\Framework\Graphics</Filter>
    </ClInclude>
    <ClInclude Include="..\..\..\src\Graphics\DXInclude.h">
      <Filter>Code\Framework\Graphics</Filter>
    </ClInclude>
    <ClInclude Include="..\..\..\src\Games\Rainbowland\Main.h">
      <Filter>Code\Games\Rainbowland</Filter>
    </ClInclude>
    <ClInclude Include="..\..\..\src\Util\Color.h">
      <Filter>Code\Framework\Util</Filter>
    </ClInclude>
    <ClInclude Include="..\..\..\src\Graphics\GraphicsSystem.h">
      <Filter>Code\Framework\Graphics</Filter>
    </ClInclude>
    <ClInclude Include="..\..\..\src\stdafx.h">
      <Filter>Code</Filter>
    </ClInclude>
    <ClInclude Include="..\..\..\src\Graphics\DXRenderer.h">
      <Filter>Code\Framework\Graphics</Filter>
    </ClInclude>
    <ClInclude Include="..\..\..\src\Graphics\Vertex.h">
      <Filter>Code\Framework\Graphics</Filter>
    </ClInclude>
    <ClInclude Include="..\..\..\src\Graphics\Texture\DXTexture.h">
      <Filter>Code\Framework\Graphics\Texture</Filter>
    </ClInclude>
    <ClInclude Include="..\..\..\src\Graphics\Texture\DXTextureFileLoader.h">
      <Filter>Code\Framework\Graphics\Texture</Filter>
    </ClInclude>
    <ClInclude Include="..\..\..\src\Graphics\Texture\DXTextureManager.h">
      <Filter>Code\Framework\Graphics\Texture</Filter>
    </ClInclude>
    <ClInclude Include="..\..\..\src\Graphics\Mesh\Mesh.h">
      <Filter>Code\Framework\Graphics\Mesh</Filter>
    </ClInclude>
    <ClInclude Include="..\..\..\src\Util\Transform.h">
      <Filter>Code\Framework\Util</Filter>
    </ClInclude>
    <ClInclude Include="..\..\..\src\Graphics\Texture\DXTextureHandle.h">
      <Filter>Code\Framework\Graphics\Texture</Filter>
    </ClInclude>
    <ClInclude Include="..\..\..\src\Graphics\Typedefs.h">
      <Filter>Code\Framework\Graphics</Filter>
    </ClInclude>
    <ClInclude Include="..\..\..\src\Util\Vec2.h">
      <Filter>Code\Framework\Util\Geometry</Filter>
    </ClInclude>
    <ClInclude Include="..\..\..\src\Util\Vec2Fwd.h">
      <Filter>Code\Framework\Util\Geometry</Filter>
    </ClInclude>
    <ClInclude Include="..\..\..\src\Util\Vec2Impl.h">
      <Filter>Code\Framework\Util\Geometry</Filter>
    </ClInclude>
    <ClInclude Include="..\..\..\src\Util\Vec3.h">
      <Filter>Code\Framework\Util\Geometry</Filter>
    </ClInclude>
    <ClInclude Include="..\..\..\src\Util\Vec3Fwd.h">
      <Filter>Code\Framework\Util\Geometry</Filter>
    </ClInclude>
    <ClInclude Include="..\..\..\src\Util\Vec3Impl.h">
      <Filter>Code\Framework\Util\Geometry</Filter>
    </ClInclude>
    <ClInclude Include="..\..\..\src\Input\InputSystem.h">
      <Filter>Code\Framework\Input</Filter>
    </ClInclude>
    <ClInclude Include="..\..\..\src\Util\Cache.h">
      <Filter>Code\Framework\Util\Template</Filter>
    </ClInclude>
    <ClInclude Include="..\..\..\src\Util\Handle.h">
      <Filter>Code\Framework\Util\Template</Filter>
    </ClInclude>
    <ClInclude Include="..\..\..\src\Util\NameCache.h">
      <Filter>Code\Framework\Util\Template</Filter>
    </ClInclude>
    <ClInclude Include="..\..\..\src\Input\Gamepad.h">
      <Filter>Code\Framework\Input\Devices</Filter>
    </ClInclude>
    <ClInclude Include="..\..\..\src\Input\Keyboard.h">
      <Filter>Code\Framework\Input\Devices</Filter>
    </ClInclude>
    <ClInclude Include="..\..\..\src\Input\Mouse.h">
      <Filter>Code\Framework\Input\Devices</Filter>
    </ClInclude>
    <ClInclude Include="..\..\..\src\Util\Rect.h">
      <Filter>Code\Framework\Util\Geometry</Filter>
    </ClInclude>
    <ClInclude Include="..\..\..\src\Games\Rainbowland\LoadGameResources.h">
      <Filter>Code\Games\Rainbowland</Filter>
    </ClInclude>
    <ClInclude Include="..\..\..\src\Games\Rainbowland\GameResources.h">
      <Filter>Code\Games\Rainbowland</Filter>
    </ClInclude>
    <ClInclude Include="..\..\..\src\Audio\AudioSystem.h">
      <Filter>Code\Framework\Audio</Filter>
    </ClInclude>
    <ClInclude Include="..\..\..\src\Audio\FmodInclude.h">
      <Filter>Code\Framework\Audio</Filter>
    </ClInclude>
    <ClInclude Include="..\..\..\src\Audio\FmodSound.h">
      <Filter>Code\Framework\Audio</Filter>
    </ClInclude>
    <ClInclude Include="..\..\..\src\Audio\FmodSoundHandle.h">
      <Filter>Code\Framework\Audio</Filter>
    </ClInclude>
    <ClInclude Include="..\..\..\src\Audio\FmodSoundManager.h">
      <Filter>Code\Framework\Audio</Filter>
    </ClInclude>
    <ClInclude Include="..\..\..\src\Audio\FmodSoundFileLoader.h">
      <Filter>Code\Framework\Audio</Filter>
    </ClInclude>
    <ClInclude Include="..\..\..\src\Games\Rainbowland\GameSystems.h">
      <Filter>Code\Games\Rainbowland</Filter>
    </ClInclude>
    <ClInclude Include="..\..\..\src\Graphics\Shader\Vertex\defaultVertexShader.h">
      <Filter>Code\Framework\Graphics\Shader\Vertex</Filter>
    </ClInclude>
    <ClInclude Include="..\..\..\src\Graphics\Shader\Pixel\defaultPixelShader.h">
      <Filter>Code\Framework\Graphics\Shader\Pixel</Filter>
    </ClInclude>
    <ClInclude Include="..\..\..\src\Graphics\Shader\Vertex\VertexShader.h">
      <Filter>Code\Framework\Graphics\Shader\Vertex</Filter>
    </ClInclude>
    <ClInclude Include="..\..\..\src\Graphics\Shader\Vertex\VertexShaderFileLoader.h">
      <Filter>Code\Framework\Graphics\Shader\Vertex</Filter>
    </ClInclude>
    <ClInclude Include="..\..\..\src\Graphics\Shader\Vertex\VertexShaderLoader.h">
      <Filter>Code\Framework\Graphics\Shader\Vertex</Filter>
    </ClInclude>
    <ClInclude Include="..\..\..\src\Graphics\Shader\Vertex\VertexShaderManager.h">
      <Filter>Code\Framework\Graphics\Shader\Vertex</Filter>
    </ClInclude>
    <ClInclude Include="..\..\..\src\Graphics\Shader\Pixel\PixelShader.h">
      <Filter>Code\Framework\Graphics\Shader\Pixel</Filter>
    </ClInclude>
    <ClInclude Include="..\..\..\src\Graphics\Shader\Pixel\PixelShaderFileLoader.h">
      <Filter>Code\Framework\Graphics\Shader\Pixel</Filter>
    </ClInclude>
    <ClInclude Include="..\..\..\src\Graphics\Shader\Pixel\PixelShaderLoader.h">
      <Filter>Code\Framework\Graphics\Shader\Pixel</Filter>
    </ClInclude>
    <ClInclude Include="..\..\..\src\Graphics\Shader\Pixel\PixelShaderManager.h">
      <Filter>Code\Framework\Graphics\Shader\Pixel</Filter>
    </ClInclude>
    <ClInclude Include="..\..\..\src\Graphics\Shader\FileLoader.h">
      <Filter>Code\Framework\Graphics\Shader</Filter>
    </ClInclude>
    <ClInclude Include="..\..\..\src\Graphics\Shader\ShaderHandle.h">
      <Filter>Code\Framework\Graphics\Shader</Filter>
    </ClInclude>
    <ClInclude Include="..\..\..\src\Util\Manager.h">
      <Filter>Code\Framework\Util\Template</Filter>
    </ClInclude>
    <ClInclude Include="..\..\..\src\Games\Rainbowland\GameState.h">
      <Filter>Code\Games\Rainbowland</Filter>
    </ClInclude>
  </ItemGroup>
  <ItemGroup>
    <Filter Include="Code">
      <UniqueIdentifier>{7396be76-2094-4582-9c39-3a43f5c88af6}</UniqueIdentifier>
    </Filter>
    <Filter Include="Code\Framework">
      <UniqueIdentifier>{6d866dbf-8d0e-422d-abdc-3c377019301b}</UniqueIdentifier>
    </Filter>
    <Filter Include="Code\Games">
      <UniqueIdentifier>{b7cb840d-e593-43b7-9cf2-570ce4574a57}</UniqueIdentifier>
    </Filter>
    <Filter Include="Code\Framework\Window">
      <UniqueIdentifier>{8bbf906b-4ef6-4407-8979-d1c7f15135b6}</UniqueIdentifier>
    </Filter>
    <Filter Include="Code\Framework\Window\Windows">
      <UniqueIdentifier>{fb75e8cc-9af9-493c-8ff7-4b3b996f36a4}</UniqueIdentifier>
    </Filter>
    <Filter Include="Code\Framework\Util">
      <UniqueIdentifier>{565cb0f6-2f3c-4edb-9208-e53adeef455d}</UniqueIdentifier>
    </Filter>
    <Filter Include="Code\Framework\Util\Time">
      <UniqueIdentifier>{9f53bd47-2c17-4739-88dd-38660f29f11a}</UniqueIdentifier>
    </Filter>
    <Filter Include="Code\Framework\Input">
      <UniqueIdentifier>{ded6ae73-6084-4a00-8b48-5a351f40f9d5}</UniqueIdentifier>
    </Filter>
    <Filter Include="Code\Framework\Graphics">
      <UniqueIdentifier>{eaa1e107-5704-493f-aae2-048ac703877e}</UniqueIdentifier>
    </Filter>
    <Filter Include="Code\Games\Rainbowland">
      <UniqueIdentifier>{61078100-e572-45d1-a0e0-5654390f3945}</UniqueIdentifier>
    </Filter>
    <Filter Include="Code\Framework\Graphics\Texture">
      <UniqueIdentifier>{98952245-2e0d-4b12-a832-19ff29546a66}</UniqueIdentifier>
    </Filter>
    <Filter Include="Code\Framework\Graphics\Shader">
      <UniqueIdentifier>{86373863-cfd8-421a-bd79-fd87b123cf75}</UniqueIdentifier>
    </Filter>
    <Filter Include="Code\Framework\Graphics\Mesh">
      <UniqueIdentifier>{1e7b813a-acbd-419d-8b6d-316d3d6777a1}</UniqueIdentifier>
    </Filter>
    <Filter Include="Code\Framework\Util\Template">
      <UniqueIdentifier>{00d1644b-7bf8-43cd-8bfe-bc038d648a46}</UniqueIdentifier>
    </Filter>
    <Filter Include="Code\Framework\Input\Devices">
      <UniqueIdentifier>{ea2b549d-61ac-4f42-8c85-bae97d6801b1}</UniqueIdentifier>
    </Filter>
    <Filter Include="Code\Framework\Util\Geometry">
      <UniqueIdentifier>{32fe215e-3092-4a9f-acd9-17067b78d58b}</UniqueIdentifier>
    </Filter>
    <Filter Include="Code\Framework\Audio">
      <UniqueIdentifier>{38769727-8ce4-4b23-bd9f-9b3654c30691}</UniqueIdentifier>
    </Filter>
    <Filter Include="Code\Framework\Graphics\Shader\Pixel">
      <UniqueIdentifier>{79a75274-7949-4131-a3d1-ecae29af3d78}</UniqueIdentifier>
    </Filter>
    <Filter Include="Code\Framework\Graphics\Shader\Vertex">
      <UniqueIdentifier>{a60334bc-2b56-4247-a4e5-25bf1bcb9c69}</UniqueIdentifier>
    </Filter>
  </ItemGroup>
</Project>